{
  "name": "wendao-fortune",
  "version": "1.0.0",
  "lockfileVersion": 3,
  "requires": true,
  "packages": {
    "": {
      "name": "wendao-fortune",
      "version": "1.0.0",
      "dependencies": {
        "lucide": "^0.475.0",
        "lunar-javascript": "^1.7.7"
      },
      "engines": {
        "node": ">=20"
      }
    },
    "node_modules/lucide": {
      "version": "0.475.0",
      "resolved": "https://registry.npmjs.org/lucide/-/lucide-0.475.0.tgz",
      "integrity": "sha512-86jIup6DQGWX5etGuhLlojx0bu+HbxLvRI5B2SumOBznImMxEXyKF0YpScZ51BOix2gq5LfeO8mnvVVPlK/Fdg==",
      "license": "ISC"
    },
    "node_modules/lunar-javascript": {
      "version": "1.7.7",
      "resolved": "https://registry.npmjs.org/lunar-javascript/-/lunar-javascript-1.7.7.tgz",
      "integrity": "sha512-u/KYiwPIBo/0bT+WWfU7qO1d+aqeB90Tuy4ErXenr2Gam0QcWeezUvtiOIyXR7HbVnW2I1DKfU0NBvzMZhbVQw==",
      "license": "MIT"
    }
  }
}
